// !$*UTF8*$!
{
	archiveVersion = 1;
	classes = {
	};
	objectVersion = 46;
	objects = {

/* Begin PBXBuildFile section */
		CA38B9B51E5351FE00CCD497 /* GVCopying.swift in Sources */ = {isa = PBXBuildFile; fileRef = CA38B9B41E5351FE00CCD497 /* GVCopying.swift */; };
		CA38B9B81E53526400CCD497 /* LuisModel.swift in Sources */ = {isa = PBXBuildFile; fileRef = CA38B9B71E53526400CCD497 /* LuisModel.swift */; };
		CA38B9BA1E5352C600CCD497 /* TopScoringIntent.swift in Sources */ = {isa = PBXBuildFile; fileRef = CA38B9B91E5352C600CCD497 /* TopScoringIntent.swift */; };
		CA38B9BC1E53542300CCD497 /* Entities.swift in Sources */ = {isa = PBXBuildFile; fileRef = CA38B9BB1E53542300CCD497 /* Entities.swift */; };
		CA38B9BF1E535CC300CCD497 /* Constant.swift in Sources */ = {isa = PBXBuildFile; fileRef = CA38B9BE1E535CC300CCD497 /* Constant.swift */; };
		CA38B9C11E535CE400CCD497 /* LuisManager.swift in Sources */ = {isa = PBXBuildFile; fileRef = CA38B9C01E535CE400CCD497 /* LuisManager.swift */; };
		CA3B72CA1E4E5AD2005F6263 /* BBBuilder.swift in Sources */ = {isa = PBXBuildFile; fileRef = CA3B72C31E4E5AD2005F6263 /* BBBuilder.swift */; };
		CA3B72CB1E4E5AD2005F6263 /* BBDialog.swift in Sources */ = {isa = PBXBuildFile; fileRef = CA3B72C41E4E5AD2005F6263 /* BBDialog.swift */; };
		CA3B72CC1E4E5AD2005F6263 /* BBNext.swift in Sources */ = {isa = PBXBuildFile; fileRef = CA3B72C51E4E5AD2005F6263 /* BBNext.swift */; };
		CA3B72CD1E4E5AD2005F6263 /* BBSession.swift in Sources */ = {isa = PBXBuildFile; fileRef = CA3B72C61E4E5AD2005F6263 /* BBSession.swift */; };
		CA3B72CE1E4E5AD2005F6263 /* BBSessionDelegate.swift in Sources */ = {isa = PBXBuildFile; fileRef = CA3B72C71E4E5AD2005F6263 /* BBSessionDelegate.swift */; };
		CA3B72CF1E4E5AD2005F6263 /* Stack.swift in Sources */ = {isa = PBXBuildFile; fileRef = CA3B72C81E4E5AD2005F6263 /* Stack.swift */; };
		CA3B72D01E4E5AD2005F6263 /* User.swift in Sources */ = {isa = PBXBuildFile; fileRef = CA3B72C91E4E5AD2005F6263 /* User.swift */; };
		CA3B72D21E4E5AE7005F6263 /* BBIntentDialog.swift in Sources */ = {isa = PBXBuildFile; fileRef = CA3B72D11E4E5AE7005F6263 /* BBIntentDialog.swift */; };
		CA6F8F141E491EF40094EFEE /* Cartfile in Resources */ = {isa = PBXBuildFile; fileRef = CA6F8F131E491EF40094EFEE /* Cartfile */; };
		CA6F8F1A1E4927040094EFEE /* JSQMessages.framework in CopyFiles */ = {isa = PBXBuildFile; fileRef = CA6F8F171E49206C0094EFEE /* JSQMessages.framework */; settings = {ATTRIBUTES = (CodeSignOnCopy, RemoveHeadersOnCopy, ); }; };
		CAE1040D1E38C41E002E1304 /* AppDelegate.swift in Sources */ = {isa = PBXBuildFile; fileRef = CAE1040C1E38C41E002E1304 /* AppDelegate.swift */; };
		CAE1040F1E38C41E002E1304 /* ViewController.swift in Sources */ = {isa = PBXBuildFile; fileRef = CAE1040E1E38C41E002E1304 /* ViewController.swift */; };
		CAE104121E38C41E002E1304 /* Main.storyboard in Resources */ = {isa = PBXBuildFile; fileRef = CAE104101E38C41E002E1304 /* Main.storyboard */; };
		CAE104151E38C41E002E1304 /* BarnaBotSample.xcdatamodeld in Sources */ = {isa = PBXBuildFile; fileRef = CAE104131E38C41E002E1304 /* BarnaBotSample.xcdatamodeld */; };
		CAE104171E38C41E002E1304 /* Assets.xcassets in Resources */ = {isa = PBXBuildFile; fileRef = CAE104161E38C41E002E1304 /* Assets.xcassets */; };
		CAE1041A1E38C41E002E1304 /* LaunchScreen.storyboard in Resources */ = {isa = PBXBuildFile; fileRef = CAE104181E38C41E002E1304 /* LaunchScreen.storyboard */; };
/* End PBXBuildFile section */

/* Begin PBXCopyFilesBuildPhase section */
		CA6F8F191E4926F20094EFEE /* CopyFiles */ = {
			isa = PBXCopyFilesBuildPhase;
			buildActionMask = 2147483647;
			dstPath = "";
			dstSubfolderSpec = 10;
			files = (
				CA6F8F1A1E4927040094EFEE /* JSQMessages.framework in CopyFiles */,
			);
			runOnlyForDeploymentPostprocessing = 0;
		};
/* End PBXCopyFilesBuildPhase section */

/* Begin PBXFileReference section */
		CA38B9B41E5351FE00CCD497 /* GVCopying.swift */ = {isa = PBXFileReference; fileEncoding = 4; lastKnownFileType = sourcecode.swift; path = GVCopying.swift; sourceTree = "<group>"; };
		CA38B9B71E53526400CCD497 /* LuisModel.swift */ = {isa = PBXFileReference; fileEncoding = 4; lastKnownFileType = sourcecode.swift; path = LuisModel.swift; sourceTree = "<group>"; };
		CA38B9B91E5352C600CCD497 /* TopScoringIntent.swift */ = {isa = PBXFileReference; fileEncoding = 4; lastKnownFileType = sourcecode.swift; path = TopScoringIntent.swift; sourceTree = "<group>"; };
		CA38B9BB1E53542300CCD497 /* Entities.swift */ = {isa = PBXFileReference; fileEncoding = 4; lastKnownFileType = sourcecode.swift; path = Entities.swift; sourceTree = "<group>"; };
		CA38B9BE1E535CC300CCD497 /* Constant.swift */ = {isa = PBXFileReference; fileEncoding = 4; lastKnownFileType = sourcecode.swift; path = Constant.swift; sourceTree = "<group>"; };
		CA38B9C01E535CE400CCD497 /* LuisManager.swift */ = {isa = PBXFileReference; fileEncoding = 4; lastKnownFileType = sourcecode.swift; path = LuisManager.swift; sourceTree = "<group>"; };
		CA3B72C31E4E5AD2005F6263 /* BBBuilder.swift */ = {isa = PBXFileReference; fileEncoding = 4; lastKnownFileType = sourcecode.swift; path = BBBuilder.swift; sourceTree = "<group>"; };
		CA3B72C41E4E5AD2005F6263 /* BBDialog.swift */ = {isa = PBXFileReference; fileEncoding = 4; lastKnownFileType = sourcecode.swift; path = BBDialog.swift; sourceTree = "<group>"; };
		CA3B72C51E4E5AD2005F6263 /* BBNext.swift */ = {isa = PBXFileReference; fileEncoding = 4; lastKnownFileType = sourcecode.swift; path = BBNext.swift; sourceTree = "<group>"; };
		CA3B72C61E4E5AD2005F6263 /* BBSession.swift */ = {isa = PBXFileReference; fileEncoding = 4; lastKnownFileType = sourcecode.swift; path = BBSession.swift; sourceTree = "<group>"; };
		CA3B72C71E4E5AD2005F6263 /* BBSessionDelegate.swift */ = {isa = PBXFileReference; fileEncoding = 4; lastKnownFileType = sourcecode.swift; path = BBSessionDelegate.swift; sourceTree = "<group>"; };
		CA3B72C81E4E5AD2005F6263 /* Stack.swift */ = {isa = PBXFileReference; fileEncoding = 4; lastKnownFileType = sourcecode.swift; path = Stack.swift; sourceTree = "<group>"; };
		CA3B72C91E4E5AD2005F6263 /* User.swift */ = {isa = PBXFileReference; fileEncoding = 4; lastKnownFileType = sourcecode.swift; path = User.swift; sourceTree = "<group>"; };
		CA3B72D11E4E5AE7005F6263 /* BBIntentDialog.swift */ = {isa = PBXFileReference; fileEncoding = 4; lastKnownFileType = sourcecode.swift; path = BBIntentDialog.swift; sourceTree = "<group>"; };
		CA6F8F131E491EF40094EFEE /* Cartfile */ = {isa = PBXFileReference; fileEncoding = 4; lastKnownFileType = text; path = Cartfile; sourceTree = "<group>"; };
		CA6F8F151E49203B0094EFEE /* JSQMessages_bridge_header.h */ = {isa = PBXFileReference; lastKnownFileType = sourcecode.c.h; path = JSQMessages_bridge_header.h; sourceTree = "<group>"; };
		CA6F8F171E49206C0094EFEE /* JSQMessages.framework */ = {isa = PBXFileReference; lastKnownFileType = wrapper.framework; name = JSQMessages.framework; path = Carthage/Build/iOS/JSQMessages.framework; sourceTree = "<group>"; };
		CAE104091E38C41E002E1304 /* BarnaBotSample.app */ = {isa = PBXFileReference; explicitFileType = wrapper.application; includeInIndex = 0; path = BarnaBotSample.app; sourceTree = BUILT_PRODUCTS_DIR; };
		CAE1040C1E38C41E002E1304 /* AppDelegate.swift */ = {isa = PBXFileReference; lastKnownFileType = sourcecode.swift; path = AppDelegate.swift; sourceTree = "<group>"; };
		CAE1040E1E38C41E002E1304 /* ViewController.swift */ = {isa = PBXFileReference; lastKnownFileType = sourcecode.swift; path = ViewController.swift; sourceTree = "<group>"; };
		CAE104111E38C41E002E1304 /* Base */ = {isa = PBXFileReference; lastKnownFileType = file.storyboard; name = Base; path = Base.lproj/Main.storyboard; sourceTree = "<group>"; };
		CAE104141E38C41E002E1304 /* BarnaBotSample.xcdatamodel */ = {isa = PBXFileReference; lastKnownFileType = wrapper.xcdatamodel; path = BarnaBotSample.xcdatamodel; sourceTree = "<group>"; };
		CAE104161E38C41E002E1304 /* Assets.xcassets */ = {isa = PBXFileReference; lastKnownFileType = folder.assetcatalog; path = Assets.xcassets; sourceTree = "<group>"; };
		CAE104191E38C41E002E1304 /* Base */ = {isa = PBXFileReference; lastKnownFileType = file.storyboard; name = Base; path = Base.lproj/LaunchScreen.storyboard; sourceTree = "<group>"; };
		CAE1041B1E38C41E002E1304 /* Info.plist */ = {isa = PBXFileReference; lastKnownFileType = text.plist.xml; path = Info.plist; sourceTree = "<group>"; };
/* End PBXFileReference section */

/* Begin PBXFrameworksBuildPhase section */
		CAE104061E38C41E002E1304 /* Frameworks */ = {
			isa = PBXFrameworksBuildPhase;
			buildActionMask = 2147483647;
			files = (
			);
			runOnlyForDeploymentPostprocessing = 0;
		};
/* End PBXFrameworksBuildPhase section */

/* Begin PBXGroup section */
		CA38B9B61E53521C00CCD497 /* modelLuis */ = {
			isa = PBXGroup;
			children = (
				CA38B9B71E53526400CCD497 /* LuisModel.swift */,
				CA38B9BB1E53542300CCD497 /* Entities.swift */,
				CA38B9B91E5352C600CCD497 /* TopScoringIntent.swift */,
			);
			name = modelLuis;
			sourceTree = "<group>";
		};
		CA38B9BD1E535CAC00CCD497 /* Utils */ = {
			isa = PBXGroup;
			children = (
				CA38B9BE1E535CC300CCD497 /* Constant.swift */,
				CA38B9C01E535CE400CCD497 /* LuisManager.swift */,
			);
			name = Utils;
			sourceTree = "<group>";
		};
		CA6F8F161E49206C0094EFEE /* Frameworks */ = {
			isa = PBXGroup;
			children = (
				CA6F8F171E49206C0094EFEE /* JSQMessages.framework */,
			);
			name = Frameworks;
			sourceTree = "<group>";
		};
		CAE104001E38C41E002E1304 = {
			isa = PBXGroup;
			children = (
				CA6F8F131E491EF40094EFEE /* Cartfile */,
				CAE1040B1E38C41E002E1304 /* BarnaBotSample */,
				CAE1040A1E38C41E002E1304 /* Products */,
				CA6F8F161E49206C0094EFEE /* Frameworks */,
			);
			sourceTree = "<group>";
		};
		CAE1040A1E38C41E002E1304 /* Products */ = {
			isa = PBXGroup;
			children = (
				CAE104091E38C41E002E1304 /* BarnaBotSample.app */,
			);
			name = Products;
			sourceTree = "<group>";
		};
		CAE1040B1E38C41E002E1304 /* BarnaBotSample */ = {
			isa = PBXGroup;
			children = (
				CA38B9BD1E535CAC00CCD497 /* Utils */,
				CA38B9B61E53521C00CCD497 /* modelLuis */,
				CA38B9B41E5351FE00CCD497 /* GVCopying.swift */,
				CA3B72C31E4E5AD2005F6263 /* BBBuilder.swift */,
				CA3B72C41E4E5AD2005F6263 /* BBDialog.swift */,
				CA3B72C51E4E5AD2005F6263 /* BBNext.swift */,
				CA3B72C61E4E5AD2005F6263 /* BBSession.swift */,
				CA3B72C71E4E5AD2005F6263 /* BBSessionDelegate.swift */,
				CA3B72C81E4E5AD2005F6263 /* Stack.swift */,
				CA3B72C91E4E5AD2005F6263 /* User.swift */,
				CA6F8F151E49203B0094EFEE /* JSQMessages_bridge_header.h */,
				CAE1040C1E38C41E002E1304 /* AppDelegate.swift */,
				CAE1040E1E38C41E002E1304 /* ViewController.swift */,
				CAE104101E38C41E002E1304 /* Main.storyboard */,
				CAE104161E38C41E002E1304 /* Assets.xcassets */,
				CAE104181E38C41E002E1304 /* LaunchScreen.storyboard */,
				CAE1041B1E38C41E002E1304 /* Info.plist */,
				CAE104131E38C41E002E1304 /* BarnaBotSample.xcdatamodeld */,
				CA3B72D11E4E5AE7005F6263 /* BBIntentDialog.swift */,
			);
			path = BarnaBotSample;
			sourceTree = "<group>";
		};
/* End PBXGroup section */

/* Begin PBXNativeTarget section */
		CAE104081E38C41E002E1304 /* BarnaBotSample */ = {
			isa = PBXNativeTarget;
			buildConfigurationList = CAE1041E1E38C41E002E1304 /* Build configuration list for PBXNativeTarget "BarnaBotSample" */;
			buildPhases = (
				CAE104051E38C41E002E1304 /* Sources */,
				CAE104061E38C41E002E1304 /* Frameworks */,
				CAE104071E38C41E002E1304 /* Resources */,
				CA6F8F191E4926F20094EFEE /* CopyFiles */,
			);
			buildRules = (
			);
			dependencies = (
			);
			name = BarnaBotSample;
			productName = BarnaBotSample;
			productReference = CAE104091E38C41E002E1304 /* BarnaBotSample.app */;
			productType = "com.apple.product-type.application";
		};
/* End PBXNativeTarget section */

/* Begin PBXProject section */
		CAE104011E38C41E002E1304 /* Project object */ = {
			isa = PBXProject;
			attributes = {
				LastSwiftUpdateCheck = 0820;
				LastUpgradeCheck = 0820;
				ORGANIZATIONNAME = "Mickael Bordage";
				TargetAttributes = {
					CAE104081E38C41E002E1304 = {
						CreatedOnToolsVersion = 8.2.1;
						ProvisioningStyle = Automatic;
					};
				};
			};
			buildConfigurationList = CAE104041E38C41E002E1304 /* Build configuration list for PBXProject "BarnaBotSample" */;
			compatibilityVersion = "Xcode 3.2";
			developmentRegion = English;
			hasScannedForEncodings = 0;
			knownRegions = (
				en,
				Base,
			);
			mainGroup = CAE104001E38C41E002E1304;
			productRefGroup = CAE1040A1E38C41E002E1304 /* Products */;
			projectDirPath = "";
			projectRoot = "";
			targets = (
				CAE104081E38C41E002E1304 /* BarnaBotSample */,
			);
		};
/* End PBXProject section */

/* Begin PBXResourcesBuildPhase section */
		CAE104071E38C41E002E1304 /* Resources */ = {
			isa = PBXResourcesBuildPhase;
			buildActionMask = 2147483647;
			files = (
				CAE1041A1E38C41E002E1304 /* LaunchScreen.storyboard in Resources */,
				CAE104171E38C41E002E1304 /* Assets.xcassets in Resources */,
				CA6F8F141E491EF40094EFEE /* Cartfile in Resources */,
				CAE104121E38C41E002E1304 /* Main.storyboard in Resources */,
			);
			runOnlyForDeploymentPostprocessing = 0;
		};
/* End PBXResourcesBuildPhase section */

/* Begin PBXSourcesBuildPhase section */
		CAE104051E38C41E002E1304 /* Sources */ = {
			isa = PBXSourcesBuildPhase;
			buildActionMask = 2147483647;
			files = (
				CA38B9BC1E53542300CCD497 /* Entities.swift in Sources */,
				CA38B9B51E5351FE00CCD497 /* GVCopying.swift in Sources */,
				CA3B72D21E4E5AE7005F6263 /* BBIntentDialog.swift in Sources */,
				CA38B9BF1E535CC300CCD497 /* Constant.swift in Sources */,
				CAE1040F1E38C41E002E1304 /* ViewController.swift in Sources */,
				CA38B9C11E535CE400CCD497 /* LuisManager.swift in Sources */,
				CA3B72CF1E4E5AD2005F6263 /* Stack.swift in Sources */,
				CA3B72CA1E4E5AD2005F6263 /* BBBuilder.swift in Sources */,
				CA3B72CC1E4E5AD2005F6263 /* BBNext.swift in Sources */,
				CA3B72CB1E4E5AD2005F6263 /* BBDialog.swift in Sources */,
				CA38B9BA1E5352C600CCD497 /* TopScoringIntent.swift in Sources */,
				CAE104151E38C41E002E1304 /* BarnaBotSample.xcdatamodeld in Sources */,
				CA3B72CE1E4E5AD2005F6263 /* BBSessionDelegate.swift in Sources */,
				CAE1040D1E38C41E002E1304 /* AppDelegate.swift in Sources */,
				CA38B9B81E53526400CCD497 /* LuisModel.swift in Sources */,
				CA3B72D01E4E5AD2005F6263 /* User.swift in Sources */,
				CA3B72CD1E4E5AD2005F6263 /* BBSession.swift in Sources */,
			);
			runOnlyForDeploymentPostprocessing = 0;
		};
/* End PBXSourcesBuildPhase section */

/* Begin PBXVariantGroup section */
		CAE104101E38C41E002E1304 /* Main.storyboard */ = {
			isa = PBXVariantGroup;
			children = (
				CAE104111E38C41E002E1304 /* Base */,
			);
			name = Main.storyboard;
			sourceTree = "<group>";
		};
		CAE104181E38C41E002E1304 /* LaunchScreen.storyboard */ = {
			isa = PBXVariantGroup;
			children = (
				CAE104191E38C41E002E1304 /* Base */,
			);
			name = LaunchScreen.storyboard;
			sourceTree = "<group>";
		};
/* End PBXVariantGroup section */

/* Begin XCBuildConfiguration section */
		CAE1041C1E38C41E002E1304 /* Debug */ = {
			isa = XCBuildConfiguration;
			buildSettings = {
				ALWAYS_SEARCH_USER_PATHS = NO;
				CLANG_ANALYZER_NONNULL = YES;
				CLANG_CXX_LANGUAGE_STANDARD = "gnu++0x";
				CLANG_CXX_LIBRARY = "libc++";
				CLANG_ENABLE_MODULES = YES;
				CLANG_ENABLE_OBJC_ARC = YES;
				CLANG_WARN_BOOL_CONVERSION = YES;
				CLANG_WARN_CONSTANT_CONVERSION = YES;
				CLANG_WARN_DIRECT_OBJC_ISA_USAGE = YES_ERROR;
				CLANG_WARN_DOCUMENTATION_COMMENTS = YES;
				CLANG_WARN_EMPTY_BODY = YES;
				CLANG_WARN_ENUM_CONVERSION = YES;
				CLANG_WARN_INFINITE_RECURSION = YES;
				CLANG_WARN_INT_CONVERSION = YES;
				CLANG_WARN_OBJC_ROOT_CLASS = YES_ERROR;
				CLANG_WARN_SUSPICIOUS_MOVE = YES;
				CLANG_WARN_UNREACHABLE_CODE = YES;
				CLANG_WARN__DUPLICATE_METHOD_MATCH = YES;
				"CODE_SIGN_IDENTITY[sdk=iphoneos*]" = "iPhone Developer";
				COPY_PHASE_STRIP = NO;
				DEBUG_INFORMATION_FORMAT = dwarf;
				ENABLE_STRICT_OBJC_MSGSEND = YES;
				ENABLE_TESTABILITY = YES;
				GCC_C_LANGUAGE_STANDARD = gnu99;
				GCC_DYNAMIC_NO_PIC = NO;
				GCC_NO_COMMON_BLOCKS = YES;
				GCC_OPTIMIZATION_LEVEL = 0;
				GCC_PREPROCESSOR_DEFINITIONS = (
					"DEBUG=1",
					"$(inherited)",
				);
				GCC_WARN_64_TO_32_BIT_CONVERSION = YES;
				GCC_WARN_ABOUT_RETURN_TYPE = YES_ERROR;
				GCC_WARN_UNDECLARED_SELECTOR = YES;
				GCC_WARN_UNINITIALIZED_AUTOS = YES_AGGRESSIVE;
				GCC_WARN_UNUSED_FUNCTION = YES;
				GCC_WARN_UNUSED_VARIABLE = YES;
				IPHONEOS_DEPLOYMENT_TARGET = 10.2;
				MTL_ENABLE_DEBUG_INFO = YES;
				ONLY_ACTIVE_ARCH = YES;
				SDKROOT = iphoneos;
				SWIFT_ACTIVE_COMPILATION_CONDITIONS = DEBUG;
				SWIFT_OPTIMIZATION_LEVEL = "-Onone";
			};
			name = Debug;
		};
		CAE1041D1E38C41E002E1304 /* Release */ = {
			isa = XCBuildConfiguration;
			buildSettings = {
				ALWAYS_SEARCH_USER_PATHS = NO;
				CLANG_ANALYZER_NONNULL = YES;
				CLANG_CXX_LANGUAGE_STANDARD = "gnu++0x";
				CLANG_CXX_LIBRARY = "libc++";
				CLANG_ENABLE_MODULES = YES;
				CLANG_ENABLE_OBJC_ARC = YES;
				CLANG_WARN_BOOL_CONVERSION = YES;
				CLANG_WARN_CONSTANT_CONVERSION = YES;
				CLANG_WARN_DIRECT_OBJC_ISA_USAGE = YES_ERROR;
				CLANG_WARN_DOCUMENTATION_COMMENTS = YES;
				CLANG_WARN_EMPTY_BODY = YES;
				CLANG_WARN_ENUM_CONVERSION = YES;
				CLANG_WARN_INFINITE_RECURSION = YES;
				CLANG_WARN_INT_CONVERSION = YES;
				CLANG_WARN_OBJC_ROOT_CLASS = YES_ERROR;
				CLANG_WARN_SUSPICIOUS_MOVE = YES;
				CLANG_WARN_UNREACHABLE_CODE = YES;
				CLANG_WARN__DUPLICATE_METHOD_MATCH = YES;
				"CODE_SIGN_IDENTITY[sdk=iphoneos*]" = "iPhone Developer";
				COPY_PHASE_STRIP = NO;
				DEBUG_INFORMATION_FORMAT = "dwarf-with-dsym";
				ENABLE_NS_ASSERTIONS = NO;
				ENABLE_STRICT_OBJC_MSGSEND = YES;
				GCC_C_LANGUAGE_STANDARD = gnu99;
				GCC_NO_COMMON_BLOCKS = YES;
				GCC_WARN_64_TO_32_BIT_CONVERSION = YES;
				GCC_WARN_ABOUT_RETURN_TYPE = YES_ERROR;
				GCC_WARN_UNDECLARED_SELECTOR = YES;
				GCC_WARN_UNINITIALIZED_AUTOS = YES_AGGRESSIVE;
				GCC_WARN_UNUSED_FUNCTION = YES;
				GCC_WARN_UNUSED_VARIABLE = YES;
				IPHONEOS_DEPLOYMENT_TARGET = 10.2;
				MTL_ENABLE_DEBUG_INFO = NO;
				SDKROOT = iphoneos;
				SWIFT_OPTIMIZATION_LEVEL = "-Owholemodule";
				VALIDATE_PRODUCT = YES;
			};
			name = Release;
		};
		CAE1041F1E38C41E002E1304 /* Debug */ = {
			isa = XCBuildConfiguration;
			buildSettings = {
				ASSETCATALOG_COMPILER_APPICON_NAME = AppIcon;
				FRAMEWORK_SEARCH_PATHS = (
					"$(inherited)",
					"$(PROJECT_DIR)/Carthage/Build/iOS",
				);
				INFOPLIST_FILE = BarnaBotSample/Info.plist;
				LD_RUNPATH_SEARCH_PATHS = "$(inherited) @executable_path/Frameworks";
				PRODUCT_BUNDLE_IDENTIFIER = esgi.BarnaBotSample;
				PRODUCT_NAME = "$(TARGET_NAME)";
				SWIFT_INSTALL_OBJC_HEADER = YES;
				SWIFT_OBJC_BRIDGING_HEADER = BarnaBotSample/JSQMessages_bridge_header.h;
				SWIFT_VERSION = 3.0;
			};
			name = Debug;
		};
		CAE104201E38C41E002E1304 /* Release */ = {
			isa = XCBuildConfiguration;
			buildSettings = {
				ASSETCATALOG_COMPILER_APPICON_NAME = AppIcon;
				FRAMEWORK_SEARCH_PATHS = (
					"$(inherited)",
					"$(PROJECT_DIR)/Carthage/Build/iOS",
				);
				INFOPLIST_FILE = BarnaBotSample/Info.plist;
				LD_RUNPATH_SEARCH_PATHS = "$(inherited) @executable_path/Frameworks";
				PRODUCT_BUNDLE_IDENTIFIER = esgi.BarnaBotSample;
				PRODUCT_NAME = "$(TARGET_NAME)";
				SWIFT_INSTALL_OBJC_HEADER = YES;
				SWIFT_OBJC_BRIDGING_HEADER = BarnaBotSample/JSQMessages_bridge_header.h;
				SWIFT_VERSION = 3.0;
			};
			name = Release;
		};
/* End XCBuildConfiguration section */

/* Begin XCConfigurationList section */
		CAE104041E38C41E002E1304 /* Build configuration list for PBXProject "BarnaBotSample" */ = {
			isa = XCConfigurationList;
			buildConfigurations = (
				CAE1041C1E38C41E002E1304 /* Debug */,
				CAE1041D1E38C41E002E1304 /* Release */,
			);
			defaultConfigurationIsVisible = 0;
			defaultConfigurationName = Release;
		};
		CAE1041E1E38C41E002E1304 /* Build configuration list for PBXNativeTarget "BarnaBotSample" */ = {
			isa = XCConfigurationList;
			buildConfigurations = (
				CAE1041F1E38C41E002E1304 /* Debug */,
				CAE104201E38C41E002E1304 /* Release */,
			);
			defaultConfigurationIsVisible = 0;
			defaultConfigurationName = Release;
		};
/* End XCConfigurationList section */

/* Begin XCVersionGroup section */
		CAE104131E38C41E002E1304 /* BarnaBotSample.xcdatamodeld */ = {
			isa = XCVersionGroup;
			children = (
				CAE104141E38C41E002E1304 /* BarnaBotSample.xcdatamodel */,
			);
			currentVersion = CAE104141E38C41E002E1304 /* BarnaBotSample.xcdatamodel */;
			path = BarnaBotSample.xcdatamodeld;
			sourceTree = "<group>";
			versionGroupType = wrapper.xcdatamodel;
		};
/* End XCVersionGroup section */
	};
	rootObject = CAE104011E38C41E002E1304 /* Project object */;
}
